{
  "version": 4,
  "terraform_version": "0.15.3",
  "serial": 213,
  "lineage": "2bea3c71-f719-60ba-850d-75238d223fa2",
  "outputs": {},
  "resources": [
    {
      "module": "module.db",
      "mode": "managed",
      "type": "google_compute_firewall",
      "name": "firewall_mongo",
      "provider": "provider[\"registry.terraform.io/hashicorp/google\"]",
      "instances": [
        {
          "schema_version": 1,
          "attributes": {
            "allow": [
              {
                "ports": [
                  "27017"
                ],
                "protocol": "tcp"
              }
            ],
            "creation_timestamp": "2021-05-19T01:43:21.354-07:00",
            "deny": [],
            "description": "",
            "destination_ranges": [],
            "direction": "INGRESS",
            "disabled": false,
            "enable_logging": null,
            "id": "projects/infra-313311/global/firewalls/allow-terrmongo-default",
            "log_config": [],
            "name": "allow-terrmongo-default",
            "network": "https://www.googleapis.com/compute/v1/projects/infra-313311/global/networks/default",
            "priority": 1000,
            "project": "infra-313311",
            "self_link": "https://www.googleapis.com/compute/v1/projects/infra-313311/global/firewalls/allow-terrmongo-default",
            "source_ranges": [],
            "source_service_accounts": null,
            "source_tags": [
              "reddit-app"
            ],
            "target_service_accounts": null,
            "target_tags": [
              "reddit-db"
            ],
            "timeouts": null
          },
          "sensitive_attributes": [],
          "private": "eyJlMmJmYjczMC1lY2FhLTExZTYtOGY4OC0zNDM2M2JjN2M0YzAiOnsiY3JlYXRlIjoyNDAwMDAwMDAwMDAsImRlbGV0ZSI6MjQwMDAwMDAwMDAwLCJ1cGRhdGUiOjI0MDAwMDAwMDAwMH0sInNjaGVtYV92ZXJzaW9uIjoiMSJ9"
        }
      ]
    },
    {
      "module": "module.db",
      "mode": "managed",
      "type": "google_compute_instance",
      "name": "db",
      "provider": "provider[\"registry.terraform.io/hashicorp/google\"]",
      "instances": [
        {
          "schema_version": 6,
          "attributes": {
            "allow_stopping_for_update": null,
            "attached_disk": [],
            "boot_disk": [
              {
                "auto_delete": true,
                "device_name": "persistent-disk-0",
                "disk_encryption_key_raw": "",
                "disk_encryption_key_sha256": "",
                "initialize_params": [
                  {
                    "image": "https://www.googleapis.com/compute/v1/projects/infra-313311/global/images/mongodb",
                    "labels": {},
                    "size": 20,
                    "type": "pd-standard"
                  }
                ],
                "kms_key_self_link": "",
                "mode": "READ_WRITE",
                "source": "https://www.googleapis.com/compute/v1/projects/infra-313311/zones/europe-west1-b/disks/mongo"
              }
            ],
            "can_ip_forward": false,
            "confidential_instance_config": [],
            "cpu_platform": "Intel Haswell",
            "current_status": "RUNNING",
            "deletion_protection": false,
            "description": "",
            "desired_status": null,
            "enable_display": false,
            "guest_accelerator": [],
            "hostname": "",
            "id": "projects/infra-313311/zones/europe-west1-b/instances/mongo",
            "instance_id": "1021288100271845701",
            "label_fingerprint": "42WmSpB8rSM=",
            "labels": null,
            "machine_type": "g1-small",
            "metadata": {
              "ssh-keys": "root:ssh-rsa AAAAB3NzaC1yc2EAAAADAQABAAABgQDDnjqE24ZheeIikN+tmWahGJyxHIAYJ9Gjvqn20EDZClc/jDHbVq+uJ/ud1oYJVcPex3CLunYTyr3O6MzFQzKLR9aNK97BlSY0ygaanVEK81J5awl8LYb71DFJ7ItjgKjgCacFBMIuW8VgSRioFVmJgYAsytZvAbY8EfiPbW48XV8byT0Me49marhKvwRUKyVl6JO2+QibXxXt1hKknMirXtScCogYsQqszp+/jok0AOBJcZGHE6rT2zRfPoXSJ4FxhDIceY3kyFa+DjzMkolu67hSPU1OV2n6Nqp0xd7QcUgVtEwBQf/loaqHLSzXkXV6KwJjLn+osCsF3xBVy/Dt4jJtwBugi6DOP3N7l/8RVjGEsa7qFnkxyCcIANM5xhTLq+NOf69lf6ouS7RbNKGHUjuM4YD3pUCAbMIaa7bVtbqP8SEOXMfxSGiSUGCZCMKoZrahgG5MrY8jW1mtERhjG+lTQNHszug21HZ9dJjGSVnGiMne3PeVDEEU9bt8DWs= root@yurii\n"
            },
            "metadata_fingerprint": "UP3medF53qI=",
            "metadata_startup_script": "",
            "min_cpu_platform": "",
            "name": "mongo",
            "network_interface": [
              {
                "access_config": [
                  {
                    "nat_ip": "35.205.133.214",
                    "network_tier": "PREMIUM",
                    "public_ptr_domain_name": ""
                  }
                ],
                "alias_ip_range": [],
                "name": "nic0",
                "network": "https://www.googleapis.com/compute/v1/projects/infra-313311/global/networks/default",
                "network_ip": "10.132.0.45",
                "nic_type": "",
                "subnetwork": "https://www.googleapis.com/compute/v1/projects/infra-313311/regions/europe-west1/subnetworks/default",
                "subnetwork_project": "infra-313311"
              }
            ],
            "project": "infra-313311",
            "resource_policies": null,
            "scheduling": [
              {
                "automatic_restart": true,
                "min_node_cpus": 0,
                "node_affinities": [],
                "on_host_maintenance": "MIGRATE",
                "preemptible": false
              }
            ],
            "scratch_disk": [],
            "self_link": "https://www.googleapis.com/compute/v1/projects/infra-313311/zones/europe-west1-b/instances/mongo",
            "service_account": [],
            "shielded_instance_config": [
              {
                "enable_integrity_monitoring": true,
                "enable_secure_boot": false,
                "enable_vtpm": true
              }
            ],
            "tags": [
              "reddit-db"
            ],
            "tags_fingerprint": "NQyRUqL7UTU=",
            "timeouts": null,
            "zone": "europe-west1-b"
          },
          "sensitive_attributes": [],
          "private": "eyJlMmJmYjczMC1lY2FhLTExZTYtOGY4OC0zNDM2M2JjN2M0YzAiOnsiY3JlYXRlIjoxMjAwMDAwMDAwMDAwLCJkZWxldGUiOjEyMDAwMDAwMDAwMDAsInVwZGF0ZSI6MTIwMDAwMDAwMDAwMH0sInNjaGVtYV92ZXJzaW9uIjoiNiJ9"
        }
      ]
    },
    {
      "module": "module.ruby",
      "mode": "managed",
      "type": "google_compute_address",
      "name": "ruby_ip",
      "provider": "provider[\"registry.terraform.io/hashicorp/google\"]",
      "instances": [
        {
          "schema_version": 0,
          "attributes": {
            "address": "34.118.20.76",
            "address_type": "EXTERNAL",
            "creation_timestamp": "2021-05-19T01:43:21.405-07:00",
            "description": "",
            "id": "projects/infra-313311/regions/europe-central2/addresses/ruby-ip",
            "name": "ruby-ip",
            "network_tier": "PREMIUM",
            "project": "infra-313311",
            "purpose": "",
            "region": "europe-central2",
            "self_link": "https://www.googleapis.com/compute/v1/projects/infra-313311/regions/europe-central2/addresses/ruby-ip",
            "subnetwork": "",
            "timeouts": null,
            "users": []
          },
          "sensitive_attributes": [],
          "private": "eyJlMmJmYjczMC1lY2FhLTExZTYtOGY4OC0zNDM2M2JjN2M0YzAiOnsiY3JlYXRlIjoyNDAwMDAwMDAwMDAsImRlbGV0ZSI6MjQwMDAwMDAwMDAwfX0="
        }
      ]
    },
    {
      "module": "module.ruby",
      "mode": "managed",
      "type": "google_compute_firewall",
      "name": "firewall_puma",
      "provider": "provider[\"registry.terraform.io/hashicorp/google\"]",
      "instances": [
        {
          "schema_version": 1,
          "attributes": {
            "allow": [
              {
                "ports": [
                  "9292"
                ],
                "protocol": "tcp"
              }
            ],
            "creation_timestamp": "2021-05-19T01:43:21.376-07:00",
            "deny": [],
            "description": "",
            "destination_ranges": [],
            "direction": "INGRESS",
            "disabled": false,
            "enable_logging": null,
            "id": "projects/infra-313311/global/firewalls/allow-terrpuma-default",
            "log_config": [],
            "name": "allow-terrpuma-default",
            "network": "https://www.googleapis.com/compute/v1/projects/infra-313311/global/networks/default",
            "priority": 1000,
            "project": "infra-313311",
            "self_link": "https://www.googleapis.com/compute/v1/projects/infra-313311/global/firewalls/allow-terrpuma-default",
            "source_ranges": [
              "0.0.0.0/0"
            ],
            "source_service_accounts": null,
            "source_tags": null,
            "target_service_accounts": null,
            "target_tags": [
              "reddit-app"
            ],
            "timeouts": null
          },
          "sensitive_attributes": [],
          "private": "eyJlMmJmYjczMC1lY2FhLTExZTYtOGY4OC0zNDM2M2JjN2M0YzAiOnsiY3JlYXRlIjoyNDAwMDAwMDAwMDAsImRlbGV0ZSI6MjQwMDAwMDAwMDAwLCJ1cGRhdGUiOjI0MDAwMDAwMDAwMH0sInNjaGVtYV92ZXJzaW9uIjoiMSJ9"
        }
      ]
    },
    {
      "module": "module.ruby",
      "mode": "managed",
      "type": "google_compute_instance",
      "name": "ruby",
      "provider": "provider[\"registry.terraform.io/hashicorp/google\"]",
      "instances": [
        {
          "schema_version": 6,
          "attributes": {
            "allow_stopping_for_update": null,
            "attached_disk": [],
            "boot_disk": [
              {
                "auto_delete": true,
                "device_name": "persistent-disk-0",
                "disk_encryption_key_raw": "",
                "disk_encryption_key_sha256": "",
                "initialize_params": [
                  {
                    "image": "https://www.googleapis.com/compute/v1/projects/infra-313311/global/images/ruby",
                    "labels": {},
                    "size": 20,
                    "type": "pd-standard"
                  }
                ],
                "kms_key_self_link": "",
                "mode": "READ_WRITE",
                "source": "https://www.googleapis.com/compute/v1/projects/infra-313311/zones/europe-central2-a/disks/ruby"
              }
            ],
            "can_ip_forward": false,
            "confidential_instance_config": [],
            "cpu_platform": "Intel Broadwell",
            "current_status": "RUNNING",
            "deletion_protection": false,
            "description": "",
            "desired_status": null,
            "enable_display": false,
            "guest_accelerator": [],
            "hostname": "",
            "id": "projects/infra-313311/zones/europe-central2-a/instances/ruby",
            "instance_id": "1453446000198381913",
            "label_fingerprint": "42WmSpB8rSM=",
            "labels": null,
            "machine_type": "g1-small",
            "metadata": {
              "ssh-keys": "root:ssh-rsa AAAAB3NzaC1yc2EAAAADAQABAAABgQDDnjqE24ZheeIikN+tmWahGJyxHIAYJ9Gjvqn20EDZClc/jDHbVq+uJ/ud1oYJVcPex3CLunYTyr3O6MzFQzKLR9aNK97BlSY0ygaanVEK81J5awl8LYb71DFJ7ItjgKjgCacFBMIuW8VgSRioFVmJgYAsytZvAbY8EfiPbW48XV8byT0Me49marhKvwRUKyVl6JO2+QibXxXt1hKknMirXtScCogYsQqszp+/jok0AOBJcZGHE6rT2zRfPoXSJ4FxhDIceY3kyFa+DjzMkolu67hSPU1OV2n6Nqp0xd7QcUgVtEwBQf/loaqHLSzXkXV6KwJjLn+osCsF3xBVy/Dt4jJtwBugi6DOP3N7l/8RVjGEsa7qFnkxyCcIANM5xhTLq+NOf69lf6ouS7RbNKGHUjuM4YD3pUCAbMIaa7bVtbqP8SEOXMfxSGiSUGCZCMKoZrahgG5MrY8jW1mtERhjG+lTQNHszug21HZ9dJjGSVnGiMne3PeVDEEU9bt8DWs= root@yurii\n"
            },
            "metadata_fingerprint": "UP3medF53qI=",
            "metadata_startup_script": "",
            "min_cpu_platform": "",
            "name": "ruby",
            "network_interface": [
              {
                "access_config": [
                  {
                    "nat_ip": "34.118.20.76",
                    "network_tier": "PREMIUM",
                    "public_ptr_domain_name": ""
                  }
                ],
                "alias_ip_range": [],
                "name": "nic0",
                "network": "https://www.googleapis.com/compute/v1/projects/infra-313311/global/networks/default",
                "network_ip": "10.186.0.12",
                "nic_type": "",
                "subnetwork": "https://www.googleapis.com/compute/v1/projects/infra-313311/regions/europe-central2/subnetworks/default",
                "subnetwork_project": "infra-313311"
              }
            ],
            "project": "infra-313311",
            "resource_policies": null,
            "scheduling": [
              {
                "automatic_restart": true,
                "min_node_cpus": 0,
                "node_affinities": [],
                "on_host_maintenance": "MIGRATE",
                "preemptible": false
              }
            ],
            "scratch_disk": [],
            "self_link": "https://www.googleapis.com/compute/v1/projects/infra-313311/zones/europe-central2-a/instances/ruby",
            "service_account": [],
            "shielded_instance_config": [
              {
                "enable_integrity_monitoring": true,
                "enable_secure_boot": false,
                "enable_vtpm": true
              }
            ],
            "tags": [
              "reddit-app"
            ],
            "tags_fingerprint": "M-ggixIz-AU=",
            "timeouts": null,
            "zone": "europe-central2-a"
          },
          "sensitive_attributes": [],
          "private": "eyJlMmJmYjczMC1lY2FhLTExZTYtOGY4OC0zNDM2M2JjN2M0YzAiOnsiY3JlYXRlIjoxMjAwMDAwMDAwMDAwLCJkZWxldGUiOjEyMDAwMDAwMDAwMDAsInVwZGF0ZSI6MTIwMDAwMDAwMDAwMH0sInNjaGVtYV92ZXJzaW9uIjoiNiJ9",
          "dependencies": [
            "module.ruby.google_compute_address.ruby_ip"
          ]
        }
      ]
    },
    {
      "module": "module.vpc",
      "mode": "managed",
      "type": "google_compute_firewall",
      "name": "firewall_ssh",
      "provider": "provider[\"registry.terraform.io/hashicorp/google\"]",
      "instances": [
        {
          "schema_version": 1,
          "attributes": {
            "allow": [
              {
                "ports": [
                  "22"
                ],
                "protocol": "tcp"
              }
            ],
            "creation_timestamp": "2021-05-19T01:43:21.382-07:00",
            "deny": [],
            "description": "",
            "destination_ranges": [],
            "direction": "INGRESS",
            "disabled": false,
            "enable_logging": null,
            "id": "projects/infra-313311/global/firewalls/default-allow-ssh",
            "log_config": [],
            "name": "default-allow-ssh",
            "network": "https://www.googleapis.com/compute/v1/projects/infra-313311/global/networks/default",
            "priority": 1000,
            "project": "infra-313311",
            "self_link": "https://www.googleapis.com/compute/v1/projects/infra-313311/global/firewalls/default-allow-ssh",
            "source_ranges": [
              "0.0.0.0/0"
            ],
            "source_service_accounts": null,
            "source_tags": null,
            "target_service_accounts": null,
            "target_tags": null,
            "timeouts": null
          },
          "sensitive_attributes": [],
          "private": "eyJlMmJmYjczMC1lY2FhLTExZTYtOGY4OC0zNDM2M2JjN2M0YzAiOnsiY3JlYXRlIjoyNDAwMDAwMDAwMDAsImRlbGV0ZSI6MjQwMDAwMDAwMDAwLCJ1cGRhdGUiOjI0MDAwMDAwMDAwMH0sInNjaGVtYV92ZXJzaW9uIjoiMSJ9"
        }
      ]
    }
  ]
}
